
Microsoft Visual Studio Solution File, Format Version 12.00
# Visual Studio Version 17
VisualStudioVersion = 17.3.32929.385
MinimumVisualStudioVersion = 10.0.40219.1
Project("{FAE04EC0-301F-11D3-BF4B-00C04F79EFBC}") = "KampIntro", "KampIntro\KampIntro.csproj", "{57CD2300-6640-4ACF-8224-DC99F8B582B2}"
EndProject
Project("{FAE04EC0-301F-11D3-BF4B-00C04F79EFBC}") = "classIntro", "classIntro\classIntro.csproj", "{03B679D6-DBB4-4B33-8458-FA855DF23232}"
EndProject
Project("{FAE04EC0-301F-11D3-BF4B-00C04F79EFBC}") = "Metotlar", "Metotlar\Metotlar.csproj", "{5A06C449-6C3F-4C64-9734-F799571B0984}"
EndProject
Project("{FAE04EC0-301F-11D3-BF4B-00C04F79EFBC}") = "Matematik", "Matematik\Matematik.csproj", "{A985ED24-90D3-4514-98C5-04EA490A638C}"
EndProject
Project("{FAE04EC0-301F-11D3-BF4B-00C04F79EFBC}") = "DegerVeReferansTipler", "DegerVeReferansTipler\DegerVeReferansTipler.csproj", "{A45711E3-1063-43FE-A20A-EB3BB75E2CCC}"
EndProject
Project("{FAE04EC0-301F-11D3-BF4B-00C04F79EFBC}") = "ClassMetotDemo", "ClassMetotDemo\ClassMetotDemo.csproj", "{AF594CBC-8932-451A-B559-E5351E7B1CFE}"
EndProject
Project("{FAE04EC0-301F-11D3-BF4B-00C04F79EFBC}") = "OOP1", "OOP1\OOP1.csproj", "{03BF2F95-47C1-4EF6-AF83-27FD52A363B0}"
EndProject
Project("{FAE04EC0-301F-11D3-BF4B-00C04F79EFBC}") = "Collections", "Collections\Collections.csproj", "{C3BD744E-A146-4A18-AA8F-397E67DD95D5}"
EndProject
Project("{FAE04EC0-301F-11D3-BF4B-00C04F79EFBC}") = "GenericsIntro", "GenericsIntro\GenericsIntro.csproj", "{DD979577-3346-484E-99FA-B29EED4A0BC8}"
EndProject
Project("{FAE04EC0-301F-11D3-BF4B-00C04F79EFBC}") = "Constructors", "Constructors\Constructors.csproj", "{EC31B690-1563-4E1A-BC02-2429DD7CF965}"
EndProject
Project("{FAE04EC0-301F-11D3-BF4B-00C04F79EFBC}") = "GenericListDemo", "GenericListDemo\GenericListDemo.csproj", "{370CB61D-AE00-42B5-BEDF-74DB4C641B62}"
EndProject
Project("{FAE04EC0-301F-11D3-BF4B-00C04F79EFBC}") = "DictionaryDemo", "DictionaryDemo\DictionaryDemo.csproj", "{7737DB58-AF22-4683-A8ED-07D70E9CFBE5}"
EndProject
Project("{FAE04EC0-301F-11D3-BF4B-00C04F79EFBC}") = "MyListDemo", "MyListDemo\MyListDemo.csproj", "{6F0F9D10-C963-4797-A6DA-B96627D1102A}"
EndProject
Project("{FAE04EC0-301F-11D3-BF4B-00C04F79EFBC}") = "MyDictionary", "MyDictionary\MyDictionary.csproj", "{01692486-D283-432D-ABC2-CA8AA2AF16CB}"
EndProject
Global
	GlobalSection(SolutionConfigurationPlatforms) = preSolution
		Debug|Any CPU = Debug|Any CPU
		Release|Any CPU = Release|Any CPU
	EndGlobalSection
	GlobalSection(ProjectConfigurationPlatforms) = postSolution
		{57CD2300-6640-4ACF-8224-DC99F8B582B2}.Debug|Any CPU.ActiveCfg = Debug|Any CPU
		{57CD2300-6640-4ACF-8224-DC99F8B582B2}.Debug|Any CPU.Build.0 = Debug|Any CPU
		{57CD2300-6640-4ACF-8224-DC99F8B582B2}.Release|Any CPU.ActiveCfg = Release|Any CPU
		{57CD2300-6640-4ACF-8224-DC99F8B582B2}.Release|Any CPU.Build.0 = Release|Any CPU
		{03B679D6-DBB4-4B33-8458-FA855DF23232}.Debug|Any CPU.ActiveCfg = Debug|Any CPU
		{03B679D6-DBB4-4B33-8458-FA855DF23232}.Debug|Any CPU.Build.0 = Debug|Any CPU
		{03B679D6-DBB4-4B33-8458-FA855DF23232}.Release|Any CPU.ActiveCfg = Release|Any CPU
		{03B679D6-DBB4-4B33-8458-FA855DF23232}.Release|Any CPU.Build.0 = Release|Any CPU
		{5A06C449-6C3F-4C64-9734-F799571B0984}.Debug|Any CPU.ActiveCfg = Debug|Any CPU
		{5A06C449-6C3F-4C64-9734-F799571B0984}.Debug|Any CPU.Build.0 = Debug|Any CPU
		{5A06C449-6C3F-4C64-9734-F799571B0984}.Release|Any CPU.ActiveCfg = Release|Any CPU
		{5A06C449-6C3F-4C64-9734-F799571B0984}.Release|Any CPU.Build.0 = Release|Any CPU
		{A985ED24-90D3-4514-98C5-04EA490A638C}.Debug|Any CPU.ActiveCfg = Debug|Any CPU
		{A985ED24-90D3-4514-98C5-04EA490A638C}.Debug|Any CPU.Build.0 = Debug|Any CPU
		{A985ED24-90D3-4514-98C5-04EA490A638C}.Release|Any CPU.ActiveCfg = Release|Any CPU
		{A985ED24-90D3-4514-98C5-04EA490A638C}.Release|Any CPU.Build.0 = Release|Any CPU
		{A45711E3-1063-43FE-A20A-EB3BB75E2CCC}.Debug|Any CPU.ActiveCfg = Debug|Any CPU
		{A45711E3-1063-43FE-A20A-EB3BB75E2CCC}.Debug|Any CPU.Build.0 = Debug|Any CPU
		{A45711E3-1063-43FE-A20A-EB3BB75E2CCC}.Release|Any CPU.ActiveCfg = Release|Any CPU
		{A45711E3-1063-43FE-A20A-EB3BB75E2CCC}.Release|Any CPU.Build.0 = Release|Any CPU
		{AF594CBC-8932-451A-B559-E5351E7B1CFE}.Debug|Any CPU.ActiveCfg = Debug|Any CPU
		{AF594CBC-8932-451A-B559-E5351E7B1CFE}.Debug|Any CPU.Build.0 = Debug|Any CPU
		{AF594CBC-8932-451A-B559-E5351E7B1CFE}.Release|Any CPU.ActiveCfg = Release|Any CPU
		{AF594CBC-8932-451A-B559-E5351E7B1CFE}.Release|Any CPU.Build.0 = Release|Any CPU
		{03BF2F95-47C1-4EF6-AF83-27FD52A363B0}.Debug|Any CPU.ActiveCfg = Debug|Any CPU
		{03BF2F95-47C1-4EF6-AF83-27FD52A363B0}.Debug|Any CPU.Build.0 = Debug|Any CPU
		{03BF2F95-47C1-4EF6-AF83-27FD52A363B0}.Release|Any CPU.ActiveCfg = Release|Any CPU
		{03BF2F95-47C1-4EF6-AF83-27FD52A363B0}.Release|Any CPU.Build.0 = Release|Any CPU
		{C3BD744E-A146-4A18-AA8F-397E67DD95D5}.Debug|Any CPU.ActiveCfg = Debug|Any CPU
		{C3BD744E-A146-4A18-AA8F-397E67DD95D5}.Debug|Any CPU.Build.0 = Debug|Any CPU
		{C3BD744E-A146-4A18-AA8F-397E67DD95D5}.Release|Any CPU.ActiveCfg = Release|Any CPU
		{C3BD744E-A146-4A18-AA8F-397E67DD95D5}.Release|Any CPU.Build.0 = Release|Any CPU
		{DD979577-3346-484E-99FA-B29EED4A0BC8}.Debug|Any CPU.ActiveCfg = Debug|Any CPU
		{DD979577-3346-484E-99FA-B29EED4A0BC8}.Debug|Any CPU.Build.0 = Debug|Any CPU
		{DD979577-3346-484E-99FA-B29EED4A0BC8}.Release|Any CPU.ActiveCfg = Release|Any CPU
		{DD979577-3346-484E-99FA-B29EED4A0BC8}.Release|Any CPU.Build.0 = Release|Any CPU
		{EC31B690-1563-4E1A-BC02-2429DD7CF965}.Debug|Any CPU.ActiveCfg = Debug|Any CPU
		{EC31B690-1563-4E1A-BC02-2429DD7CF965}.Debug|Any CPU.Build.0 = Debug|Any CPU
		{EC31B690-1563-4E1A-BC02-2429DD7CF965}.Release|Any CPU.ActiveCfg = Release|Any CPU
		{EC31B690-1563-4E1A-BC02-2429DD7CF965}.Release|Any CPU.Build.0 = Release|Any CPU
		{370CB61D-AE00-42B5-BEDF-74DB4C641B62}.Debug|Any CPU.ActiveCfg = Debug|Any CPU
		{370CB61D-AE00-42B5-BEDF-74DB4C641B62}.Debug|Any CPU.Build.0 = Debug|Any CPU
		{370CB61D-AE00-42B5-BEDF-74DB4C641B62}.Release|Any CPU.ActiveCfg = Release|Any CPU
		{370CB61D-AE00-42B5-BEDF-74DB4C641B62}.Release|Any CPU.Build.0 = Release|Any CPU
		{7737DB58-AF22-4683-A8ED-07D70E9CFBE5}.Debug|Any CPU.ActiveCfg = Debug|Any CPU
		{7737DB58-AF22-4683-A8ED-07D70E9CFBE5}.Debug|Any CPU.Build.0 = Debug|Any CPU
		{7737DB58-AF22-4683-A8ED-07D70E9CFBE5}.Release|Any CPU.ActiveCfg = Release|Any CPU
		{7737DB58-AF22-4683-A8ED-07D70E9CFBE5}.Release|Any CPU.Build.0 = Release|Any CPU
		{6F0F9D10-C963-4797-A6DA-B96627D1102A}.Debug|Any CPU.ActiveCfg = Debug|Any CPU
		{6F0F9D10-C963-4797-A6DA-B96627D1102A}.Debug|Any CPU.Build.0 = Debug|Any CPU
		{6F0F9D10-C963-4797-A6DA-B96627D1102A}.Release|Any CPU.ActiveCfg = Release|Any CPU
		{6F0F9D10-C963-4797-A6DA-B96627D1102A}.Release|Any CPU.Build.0 = Release|Any CPU
		{01692486-D283-432D-ABC2-CA8AA2AF16CB}.Debug|Any CPU.ActiveCfg = Debug|Any CPU
		{01692486-D283-432D-ABC2-CA8AA2AF16CB}.Debug|Any CPU.Build.0 = Debug|Any CPU
		{01692486-D283-432D-ABC2-CA8AA2AF16CB}.Release|Any CPU.ActiveCfg = Release|Any CPU
		{01692486-D283-432D-ABC2-CA8AA2AF16CB}.Release|Any CPU.Build.0 = Release|Any CPU
	EndGlobalSection
	GlobalSection(SolutionProperties) = preSolution
		HideSolutionNode = FALSE
	EndGlobalSection
	GlobalSection(ExtensibilityGlobals) = postSolution
		SolutionGuid = {2B6BFCFC-EFE7-4293-8D26-0EE8870F2CAB}
	EndGlobalSection
EndGlobal
